
Microsoft Visual Studio Solution File, Format Version 12.00
Project("{F2A71F9B-5D33-465A-A702-920D77279786}") = "lorikeet", "lorikeet\lorikeet.fsproj", "{F178D642-E342-40B5-8617-5C6919AADD93}"
EndProject
Global
	GlobalSection(SolutionConfigurationPlatforms) = preSolution
		Debug|Any CPU = Debug|Any CPU
		Release|Any CPU = Release|Any CPU
	EndGlobalSection
	GlobalSection(ProjectConfigurationPlatforms) = postSolution
		{F178D642-E342-40B5-8617-5C6919AADD93}.Debug|Any CPU.ActiveCfg = Debug|Any CPU
		{F178D642-E342-40B5-8617-5C6919AADD93}.Debug|Any CPU.Build.0 = Debug|Any CPU
		{F178D642-E342-40B5-8617-5C6919AADD93}.Release|Any CPU.ActiveCfg = Release|Any CPU
		{F178D642-E342-40B5-8617-5C6919AADD93}.Release|Any CPU.Build.0 = Release|Any CPU
	EndGlobalSection
EndGlobal
